
Microsoft Visual Studio Solution File, Format Version 12.00
# Visual Studio 15
VisualStudioVersion = 15.0.27130.2027
MinimumVisualStudioVersion = 10.0.40219.1
Project("{FAE04EC0-301F-11D3-BF4B-00C04F79EFBC}") = "WindowsFormsApp1", "WindowsFormsApp1\WindowsFormsApp1.csproj", "{0E12E64D-8194-4FE0-B450-53FDF6C48188}"
EndProject
Global
	GlobalSection(SolutionConfigurationPlatforms) = preSolution
		Debug|Any CPU = Debug|Any CPU
		Release|Any CPU = Release|Any CPU
	EndGlobalSection
	GlobalSection(ProjectConfigurationPlatforms) = postSolution
		{0E12E64D-8194-4FE0-B450-53FDF6C48188}.Debug|Any CPU.ActiveCfg = Debug|Any CPU
		{0E12E64D-8194-4FE0-B450-53FDF6C48188}.Debug|Any CPU.Build.0 = Debug|Any CPU
		{0E12E64D-8194-4FE0-B450-53FDF6C48188}.Release|Any CPU.ActiveCfg = Release|Any CPU
		{0E12E64D-8194-4FE0-B450-53FDF6C48188}.Release|Any CPU.Build.0 = Release|Any CPU
	EndGlobalSection
	GlobalSection(SolutionProperties) = preSolution
		HideSolutionNode = FALSE
	EndGlobalSection
	GlobalSection(ExtensibilityGlobals) = postSolution
		SolutionGuid = {DA81A279-0E63-4DDF-9562-CD4A4E536D31}
	EndGlobalSection
EndGlobal
